// !$*UTF8*$!
{
	archiveVersion = 1;
	classes = {
	};
	objectVersion = 77;
	objects = {

/* Begin PBXBuildFile section */
		191056372D5E866D00B7AA59 /* Commissioner-SemiBold.ttf in Resources */ = {isa = PBXBuildFile; fileRef = 191056362D5E866D00B7AA59 /* Commissioner-SemiBold.ttf */; };
		1948DAF52D1C747F0082F8DC /* SplashScreenViewController.swift in Sources */ = {isa = PBXBuildFile; fileRef = 1948DAF42D1C747F0082F8DC /* SplashScreenViewController.swift */; };
		1948DAF72D1C753B0082F8DC /* SplashScreenView.swift in Sources */ = {isa = PBXBuildFile; fileRef = 1948DAF62D1C753B0082F8DC /* SplashScreenView.swift */; };
		194A88362D8A097900247D27 /* ProfileTableViewController.swift in Sources */ = {isa = PBXBuildFile; fileRef = 194A88352D8A097900247D27 /* ProfileTableViewController.swift */; };
		194A88382D8A0C6000247D27 /* ProfileTableViewCell.swift in Sources */ = {isa = PBXBuildFile; fileRef = 194A88372D8A0C6000247D27 /* ProfileTableViewCell.swift */; };
		1976242A2D20C3AF00CAC3D7 /* FirebaseServise.swift in Sources */ = {isa = PBXBuildFile; fileRef = 197624292D20C3AF00CAC3D7 /* FirebaseServise.swift */; };
		19A6AFE32DAC2A2C00B9723E /* Localizable.xcstrings in Resources */ = {isa = PBXBuildFile; fileRef = 19A6AFE22DAC2A2C00B9723E /* Localizable.xcstrings */; };
		19A7F2362D234404005ED9C4 /* GoogleService-Info.plist in Resources */ = {isa = PBXBuildFile; fileRef = 19A7F2342D234404005ED9C4 /* GoogleService-Info.plist */; };
		19C4FCDE2D07A606007A5E25 /* Commissioner-Regular.ttf in Resources */ = {isa = PBXBuildFile; fileRef = 19C4FCDD2D07A606007A5E25 /* Commissioner-Regular.ttf */; };
		19E738C62D04937000E30945 /* AppDelegate.swift in Sources */ = {isa = PBXBuildFile; fileRef = 19E738BE2D04937000E30945 /* AppDelegate.swift */; };
		19E738C72D04937000E30945 /* SceneDelegate.swift in Sources */ = {isa = PBXBuildFile; fileRef = 19E738C32D04937000E30945 /* SceneDelegate.swift */; };
		19E738C92D04937000E30945 /* Assets.xcassets in Resources */ = {isa = PBXBuildFile; fileRef = 19E738BF2D04937000E30945 /* Assets.xcassets */; };
		19E738CB2D04937000E30945 /* LaunchScreen.storyboard in Resources */ = {isa = PBXBuildFile; fileRef = 19E738C22D04937000E30945 /* LaunchScreen.storyboard */; };
		19E738CE2D04938B00E30945 /* FirstScreenViewController.swift in Sources */ = {isa = PBXBuildFile; fileRef = 19E738CD2D04938B00E30945 /* FirstScreenViewController.swift */; };
		19E738D22D04944D00E30945 /* Extension UIColor.swift in Sources */ = {isa = PBXBuildFile; fileRef = 19E738D12D04944D00E30945 /* Extension UIColor.swift */; };
		19E738D42D04950200E30945 /* FirstScreenView.swift in Sources */ = {isa = PBXBuildFile; fileRef = 19E738D32D04950200E30945 /* FirstScreenView.swift */; };
		19E738D82D04DDFE00E30945 /* RussoOne-Regular.ttf in Resources */ = {isa = PBXBuildFile; fileRef = 19E738D72D04DDFE00E30945 /* RussoOne-Regular.ttf */; };
		9D0ADDEA2D831B5D0030FDBA /* FirebaseAnalytics in Frameworks */ = {isa = PBXBuildFile; productRef = 9D0ADDE92D831B5D0030FDBA /* FirebaseAnalytics */; };
		9D0ADDEC2D831B5D0030FDBA /* FirebaseCore in Frameworks */ = {isa = PBXBuildFile; productRef = 9D0ADDEB2D831B5D0030FDBA /* FirebaseCore */; };
		9D0ADDEE2D831B5D0030FDBA /* FirebaseCrashlytics in Frameworks */ = {isa = PBXBuildFile; productRef = 9D0ADDED2D831B5D0030FDBA /* FirebaseCrashlytics */; };
		9D0ADDF02D831B5D0030FDBA /* FirebaseDatabase in Frameworks */ = {isa = PBXBuildFile; productRef = 9D0ADDEF2D831B5D0030FDBA /* FirebaseDatabase */; };
		9D0ADDF22D831B5D0030FDBA /* FirebaseFirestore in Frameworks */ = {isa = PBXBuildFile; productRef = 9D0ADDF12D831B5D0030FDBA /* FirebaseFirestore */; };
		9D0ADDF42D831B5D0030FDBA /* FirebaseInAppMessaging-Beta in Frameworks */ = {isa = PBXBuildFile; productRef = 9D0ADDF32D831B5D0030FDBA /* FirebaseInAppMessaging-Beta */; };
		9D0ADDF62D831B5D0030FDBA /* FirebaseMessaging in Frameworks */ = {isa = PBXBuildFile; productRef = 9D0ADDF52D831B5D0030FDBA /* FirebaseMessaging */; };
		9D0ADDF82D831B5D0030FDBA /* FirebaseStorage in Frameworks */ = {isa = PBXBuildFile; productRef = 9D0ADDF72D831B5D0030FDBA /* FirebaseStorage */; };
		9D0E492B2D82025D000D3F17 /* QuestionCollectionViewCell.swift in Sources */ = {isa = PBXBuildFile; fileRef = 9D0E492A2D82025D000D3F17 /* QuestionCollectionViewCell.swift */; };
		9D2E054F2D7A44A200C1F9E7 /* TabBarViewController.swift in Sources */ = {isa = PBXBuildFile; fileRef = 9D2E054C2D7A44A200C1F9E7 /* TabBarViewController.swift */; };
		9D2E05512D7A487D00C1F9E7 /* TabView.swift in Sources */ = {isa = PBXBuildFile; fileRef = 9D2E05502D7A487D00C1F9E7 /* TabView.swift */; };
		9D38F3122D86E086007B6790 /* RevenueCat in Frameworks */ = {isa = PBXBuildFile; productRef = 9D38F3112D86E086007B6790 /* RevenueCat */; };
		9D38F3142D86E086007B6790 /* RevenueCatUI in Frameworks */ = {isa = PBXBuildFile; productRef = 9D38F3132D86E086007B6790 /* RevenueCatUI */; };
		9D38F3182D8A0E8A007B6790 /* UserDefaultsService.swift in Sources */ = {isa = PBXBuildFile; fileRef = 9D38F3162D8A0E8A007B6790 /* UserDefaultsService.swift */; };
		9D38F3192D8A0E8A007B6790 /* UserDefaultWrapper.swift in Sources */ = {isa = PBXBuildFile; fileRef = 9D38F3152D8A0E8A007B6790 /* UserDefaultWrapper.swift */; };
		9D38F31B2D8A0E8F007B6790 /* IAPManager.swift in Sources */ = {isa = PBXBuildFile; fileRef = 9D38F31A2D8A0E8F007B6790 /* IAPManager.swift */; };
		9D4A143B2D91DA9B0007C292 /* StoreKitConfig.storekit in Resources */ = {isa = PBXBuildFile; fileRef = 9D4A143A2D91DA9B0007C292 /* StoreKitConfig.storekit */; };
		9DA31AA62D7F327300A8CDCA /* CategoriesViewController.swift in Sources */ = {isa = PBXBuildFile; fileRef = 9DA31AA52D7F327300A8CDCA /* CategoriesViewController.swift */; };
		9DA31AA82D7F32AB00A8CDCA /* CategoriesViewModel.swift in Sources */ = {isa = PBXBuildFile; fileRef = 9DA31AA72D7F32A300A8CDCA /* CategoriesViewModel.swift */; };
		9DA31AAA2D7F32D000A8CDCA /* CategoriesAssembler.swift in Sources */ = {isa = PBXBuildFile; fileRef = 9DA31AA92D7F32C700A8CDCA /* CategoriesAssembler.swift */; };
		9DA31AAC2D7F332600A8CDCA /* CategoriesPresenter.swift in Sources */ = {isa = PBXBuildFile; fileRef = 9DA31AAB2D7F331F00A8CDCA /* CategoriesPresenter.swift */; };
		9DA31AB02D7F5C6C00A8CDCA /* CategoryCollectionViewCell.swift in Sources */ = {isa = PBXBuildFile; fileRef = 9DA31AAF2D7F5C6C00A8CDCA /* CategoryCollectionViewCell.swift */; };
		9DA31AB32D7F683600A8CDCA /* CategoryModel.swift in Sources */ = {isa = PBXBuildFile; fileRef = 9DA31AB22D7F682F00A8CDCA /* CategoryModel.swift */; };
		9DA31AB72D7F949800A8CDCA /* StorageService.swift in Sources */ = {isa = PBXBuildFile; fileRef = 9DA31AB62D7F948F00A8CDCA /* StorageService.swift */; };
		9DCC3BD92DA976C700DDDD85 /* EasterEggService.swift in Sources */ = {isa = PBXBuildFile; fileRef = 9DCC3BD82DA976C700DDDD85 /* EasterEggService.swift */; };
		9DD69B122D808FC800A715DF /* CardViewModel.swift in Sources */ = {isa = PBXBuildFile; fileRef = 9DD69B112D808FBB00A715DF /* CardViewModel.swift */; };
/* End PBXBuildFile section */

/* Begin PBXFileReference section */
		191056362D5E866D00B7AA59 /* Commissioner-SemiBold.ttf */ = {isa = PBXFileReference; lastKnownFileType = file; path = "Commissioner-SemiBold.ttf"; sourceTree = "<group>"; };
		1948DAF42D1C747F0082F8DC /* SplashScreenViewController.swift */ = {isa = PBXFileReference; lastKnownFileType = sourcecode.swift; path = SplashScreenViewController.swift; sourceTree = "<group>"; };
		1948DAF62D1C753B0082F8DC /* SplashScreenView.swift */ = {isa = PBXFileReference; lastKnownFileType = sourcecode.swift; path = SplashScreenView.swift; sourceTree = "<group>"; };
		194A88352D8A097900247D27 /* ProfileTableViewController.swift */ = {isa = PBXFileReference; lastKnownFileType = sourcecode.swift; path = ProfileTableViewController.swift; sourceTree = "<group>"; };
		194A88372D8A0C6000247D27 /* ProfileTableViewCell.swift */ = {isa = PBXFileReference; lastKnownFileType = sourcecode.swift; path = ProfileTableViewCell.swift; sourceTree = "<group>"; };
		197624292D20C3AF00CAC3D7 /* FirebaseServise.swift */ = {isa = PBXFileReference; lastKnownFileType = sourcecode.swift; path = FirebaseServise.swift; sourceTree = "<group>"; };
		19A6AFE22DAC2A2C00B9723E /* Localizable.xcstrings */ = {isa = PBXFileReference; lastKnownFileType = text.json.xcstrings; path = Localizable.xcstrings; sourceTree = "<group>"; };
		19A7F2342D234404005ED9C4 /* GoogleService-Info.plist */ = {isa = PBXFileReference; lastKnownFileType = text.plist.xml; path = "GoogleService-Info.plist"; sourceTree = "<group>"; };
		19C4FCDD2D07A606007A5E25 /* Commissioner-Regular.ttf */ = {isa = PBXFileReference; lastKnownFileType = file; path = "Commissioner-Regular.ttf"; sourceTree = "<group>"; };
		19E7388A2D048E7700E30945 /* Pillow Talk App.app */ = {isa = PBXFileReference; explicitFileType = wrapper.application; includeInIndex = 0; path = "Pillow Talk App.app"; sourceTree = BUILT_PRODUCTS_DIR; };
		19E738BE2D04937000E30945 /* AppDelegate.swift */ = {isa = PBXFileReference; lastKnownFileType = sourcecode.swift; path = AppDelegate.swift; sourceTree = "<group>"; };
		19E738BF2D04937000E30945 /* Assets.xcassets */ = {isa = PBXFileReference; lastKnownFileType = folder.assetcatalog; path = Assets.xcassets; sourceTree = "<group>"; };
		19E738C02D04937000E30945 /* Info.plist */ = {isa = PBXFileReference; lastKnownFileType = text.plist.xml; path = Info.plist; sourceTree = "<group>"; };
		19E738C12D04937000E30945 /* Base */ = {isa = PBXFileReference; lastKnownFileType = file.storyboard; name = Base; path = Base.lproj/LaunchScreen.storyboard; sourceTree = "<group>"; };
		19E738C32D04937000E30945 /* SceneDelegate.swift */ = {isa = PBXFileReference; lastKnownFileType = sourcecode.swift; path = SceneDelegate.swift; sourceTree = "<group>"; };
		19E738CD2D04938B00E30945 /* FirstScreenViewController.swift */ = {isa = PBXFileReference; lastKnownFileType = sourcecode.swift; path = FirstScreenViewController.swift; sourceTree = "<group>"; };
		19E738D12D04944D00E30945 /* Extension UIColor.swift */ = {isa = PBXFileReference; lastKnownFileType = sourcecode.swift; path = "Extension UIColor.swift"; sourceTree = "<group>"; };
		19E738D32D04950200E30945 /* FirstScreenView.swift */ = {isa = PBXFileReference; lastKnownFileType = sourcecode.swift; path = FirstScreenView.swift; sourceTree = "<group>"; };
		19E738D72D04DDFE00E30945 /* RussoOne-Regular.ttf */ = {isa = PBXFileReference; lastKnownFileType = file; path = "RussoOne-Regular.ttf"; sourceTree = "<group>"; };
		9D0E492A2D82025D000D3F17 /* QuestionCollectionViewCell.swift */ = {isa = PBXFileReference; lastKnownFileType = sourcecode.swift; path = QuestionCollectionViewCell.swift; sourceTree = "<group>"; };
		9D2E054C2D7A44A200C1F9E7 /* TabBarViewController.swift */ = {isa = PBXFileReference; lastKnownFileType = sourcecode.swift; path = TabBarViewController.swift; sourceTree = "<group>"; };
		9D2E05502D7A487D00C1F9E7 /* TabView.swift */ = {isa = PBXFileReference; lastKnownFileType = sourcecode.swift; path = TabView.swift; sourceTree = "<group>"; };
		9D38F3152D8A0E8A007B6790 /* UserDefaultWrapper.swift */ = {isa = PBXFileReference; lastKnownFileType = sourcecode.swift; path = UserDefaultWrapper.swift; sourceTree = "<group>"; };
		9D38F3162D8A0E8A007B6790 /* UserDefaultsService.swift */ = {isa = PBXFileReference; lastKnownFileType = sourcecode.swift; path = UserDefaultsService.swift; sourceTree = "<group>"; };
		9D38F31A2D8A0E8F007B6790 /* IAPManager.swift */ = {isa = PBXFileReference; lastKnownFileType = sourcecode.swift; path = IAPManager.swift; sourceTree = "<group>"; };
		9D4A143A2D91DA9B0007C292 /* StoreKitConfig.storekit */ = {isa = PBXFileReference; lastKnownFileType = text; path = StoreKitConfig.storekit; sourceTree = "<group>"; };
		9DA31AA52D7F327300A8CDCA /* CategoriesViewController.swift */ = {isa = PBXFileReference; lastKnownFileType = sourcecode.swift; path = CategoriesViewController.swift; sourceTree = "<group>"; };
		9DA31AA72D7F32A300A8CDCA /* CategoriesViewModel.swift */ = {isa = PBXFileReference; lastKnownFileType = sourcecode.swift; path = CategoriesViewModel.swift; sourceTree = "<group>"; };
		9DA31AA92D7F32C700A8CDCA /* CategoriesAssembler.swift */ = {isa = PBXFileReference; lastKnownFileType = sourcecode.swift; path = CategoriesAssembler.swift; sourceTree = "<group>"; };
		9DA31AAB2D7F331F00A8CDCA /* CategoriesPresenter.swift */ = {isa = PBXFileReference; lastKnownFileType = sourcecode.swift; path = CategoriesPresenter.swift; sourceTree = "<group>"; };
		9DA31AAF2D7F5C6C00A8CDCA /* CategoryCollectionViewCell.swift */ = {isa = PBXFileReference; lastKnownFileType = sourcecode.swift; path = CategoryCollectionViewCell.swift; sourceTree = "<group>"; };
		9DA31AB22D7F682F00A8CDCA /* CategoryModel.swift */ = {isa = PBXFileReference; lastKnownFileType = sourcecode.swift; path = CategoryModel.swift; sourceTree = "<group>"; };
		9DA31AB62D7F948F00A8CDCA /* StorageService.swift */ = {isa = PBXFileReference; lastKnownFileType = sourcecode.swift; path = StorageService.swift; sourceTree = "<group>"; };
		9DCC3BD82DA976C700DDDD85 /* EasterEggService.swift */ = {isa = PBXFileReference; lastKnownFileType = sourcecode.swift; path = EasterEggService.swift; sourceTree = "<group>"; };
		9DD69B112D808FBB00A715DF /* CardViewModel.swift */ = {isa = PBXFileReference; lastKnownFileType = sourcecode.swift; path = CardViewModel.swift; sourceTree = "<group>"; };
		9DEFD1272DA308EB0022F8BC /* Pillow Talk App.entitlements */ = {isa = PBXFileReference; lastKnownFileType = text.plist.entitlements; path = "Pillow Talk App.entitlements"; sourceTree = "<group>"; };
/* End PBXFileReference section */

/* Begin PBXFrameworksBuildPhase section */
		19E738872D048E7700E30945 /* Frameworks */ = {
			isa = PBXFrameworksBuildPhase;
			buildActionMask = 2147483647;
			files = (
				9D0ADDEE2D831B5D0030FDBA /* FirebaseCrashlytics in Frameworks */,
				9D0ADDEC2D831B5D0030FDBA /* FirebaseCore in Frameworks */,
				9D0ADDF62D831B5D0030FDBA /* FirebaseMessaging in Frameworks */,
				9D0ADDF02D831B5D0030FDBA /* FirebaseDatabase in Frameworks */,
				9D0ADDF22D831B5D0030FDBA /* FirebaseFirestore in Frameworks */,
				9D38F3122D86E086007B6790 /* RevenueCat in Frameworks */,
				9D0ADDF82D831B5D0030FDBA /* FirebaseStorage in Frameworks */,
				9D0ADDEA2D831B5D0030FDBA /* FirebaseAnalytics in Frameworks */,
				9D38F3142D86E086007B6790 /* RevenueCatUI in Frameworks */,
				9D0ADDF42D831B5D0030FDBA /* FirebaseInAppMessaging-Beta in Frameworks */,
			);
			runOnlyForDeploymentPostprocessing = 0;
		};
/* End PBXFrameworksBuildPhase section */

/* Begin PBXGroup section */
		19A6AFD92DAC204900B9723E /* Localization */ = {
			isa = PBXGroup;
			children = (
				19A6AFE22DAC2A2C00B9723E /* Localizable.xcstrings */,
			);
			path = Localization;
			sourceTree = "<group>";
		};
		19E738812D048E7700E30945 = {
			isa = PBXGroup;
			children = (
				19E738C52D04937000E30945 /* Pillow Talk App */,
				19E7388B2D048E7700E30945 /* Products */,
			);
			sourceTree = "<group>";
		};
		19E7388B2D048E7700E30945 /* Products */ = {
			isa = PBXGroup;
			children = (
				19E7388A2D048E7700E30945 /* Pillow Talk App.app */,
			);
			name = Products;
			sourceTree = "<group>";
		};
		19E738C52D04937000E30945 /* Pillow Talk App */ = {
			isa = PBXGroup;
			children = (
				19A6AFD92DAC204900B9723E /* Localization */,
				9DEFD1272DA308EB0022F8BC /* Pillow Talk App.entitlements */,
				9DD69B152D80944900A715DF /* Common */,
				9D2E054E2D7A44A200C1F9E7 /* Modules */,
				9DD096362D78EDBE000F02FC /* Services */,
				19E738D02D04941E00E30945 /* Models */,
				19E738CF2D04941700E30945 /* Views */,
				19E738BE2D04937000E30945 /* AppDelegate.swift */,
				19E738BF2D04937000E30945 /* Assets.xcassets */,
				19E738C02D04937000E30945 /* Info.plist */,
				19E738C22D04937000E30945 /* LaunchScreen.storyboard */,
				19E738C32D04937000E30945 /* SceneDelegate.swift */,
				19A7F2342D234404005ED9C4 /* GoogleService-Info.plist */,
				191056362D5E866D00B7AA59 /* Commissioner-SemiBold.ttf */,
				19C4FCDD2D07A606007A5E25 /* Commissioner-Regular.ttf */,
				19E738D72D04DDFE00E30945 /* RussoOne-Regular.ttf */,
				9D4A143A2D91DA9B0007C292 /* StoreKitConfig.storekit */,
			);
			path = "Pillow Talk App";
			sourceTree = "<group>";
		};
		19E738CF2D04941700E30945 /* Views */ = {
			isa = PBXGroup;
			children = (
				1948DAF62D1C753B0082F8DC /* SplashScreenView.swift */,
				19E738D32D04950200E30945 /* FirstScreenView.swift */,
			);
			path = Views;
			sourceTree = "<group>";
		};
		19E738D02D04941E00E30945 /* Models */ = {
			isa = PBXGroup;
			children = (
				9DD69B112D808FBB00A715DF /* CardViewModel.swift */,
				9DA31AB22D7F682F00A8CDCA /* CategoryModel.swift */,
			);
			path = Models;
			sourceTree = "<group>";
		};
		9D0E492C2D820CD2000D3F17 /* Profile */ = {
			isa = PBXGroup;
			children = (
				194A88352D8A097900247D27 /* ProfileTableViewController.swift */,
				194A88372D8A0C6000247D27 /* ProfileTableViewCell.swift */,
			);
			path = Profile;
			sourceTree = "<group>";
		};
		9D2E054D2D7A44A200C1F9E7 /* TabBar */ = {
			isa = PBXGroup;
			children = (
				9D2E054C2D7A44A200C1F9E7 /* TabBarViewController.swift */,
				9D2E05502D7A487D00C1F9E7 /* TabView.swift */,
			);
			path = TabBar;
			sourceTree = "<group>";
		};
		9D2E054E2D7A44A200C1F9E7 /* Modules */ = {
			isa = PBXGroup;
			children = (
				9D0E492C2D820CD2000D3F17 /* Profile */,
				9DD69B142D80941300A715DF /* FirstScreen */,
				9DD69B132D80940100A715DF /* Splash */,
				9D2E05522D7A56EA00C1F9E7 /* Categories */,
				9D2E054D2D7A44A200C1F9E7 /* TabBar */,
			);
			path = Modules;
			sourceTree = "<group>";
		};
		9D2E05522D7A56EA00C1F9E7 /* Categories */ = {
			isa = PBXGroup;
			children = (
				9DA31AB12D7F5F1D00A8CDCA /* Cells */,
				9DA31AAB2D7F331F00A8CDCA /* CategoriesPresenter.swift */,
				9DA31AA92D7F32C700A8CDCA /* CategoriesAssembler.swift */,
				9DA31AA72D7F32A300A8CDCA /* CategoriesViewModel.swift */,
				9DA31AA52D7F327300A8CDCA /* CategoriesViewController.swift */,
			);
			path = Categories;
			sourceTree = "<group>";
		};
		9D38F3172D8A0E8A007B6790 /* UserDefaultsService */ = {
			isa = PBXGroup;
			children = (
				9D38F3152D8A0E8A007B6790 /* UserDefaultWrapper.swift */,
				9D38F3162D8A0E8A007B6790 /* UserDefaultsService.swift */,
			);
			path = UserDefaultsService;
			sourceTree = "<group>";
		};
		9DA31AB12D7F5F1D00A8CDCA /* Cells */ = {
			isa = PBXGroup;
			children = (
				9DA31AAF2D7F5C6C00A8CDCA /* CategoryCollectionViewCell.swift */,
				9D0E492A2D82025D000D3F17 /* QuestionCollectionViewCell.swift */,
			);
			path = Cells;
			sourceTree = "<group>";
		};
		9DD096362D78EDBE000F02FC /* Services */ = {
			isa = PBXGroup;
			children = (
				9DCC3BD82DA976C700DDDD85 /* EasterEggService.swift */,
				9DA31AB62D7F948F00A8CDCA /* StorageService.swift */,
				197624292D20C3AF00CAC3D7 /* FirebaseServise.swift */,
				9D38F3172D8A0E8A007B6790 /* UserDefaultsService */,
				9D38F31A2D8A0E8F007B6790 /* IAPManager.swift */,
			);
			path = Services;
			sourceTree = "<group>";
		};
		9DD69B132D80940100A715DF /* Splash */ = {
			isa = PBXGroup;
			children = (
				1948DAF42D1C747F0082F8DC /* SplashScreenViewController.swift */,
			);
			path = Splash;
			sourceTree = "<group>";
		};
		9DD69B142D80941300A715DF /* FirstScreen */ = {
			isa = PBXGroup;
			children = (
				19E738CD2D04938B00E30945 /* FirstScreenViewController.swift */,
			);
			path = FirstScreen;
			sourceTree = "<group>";
		};
		9DD69B152D80944900A715DF /* Common */ = {
			isa = PBXGroup;
			children = (
				9DD69B162D80945000A715DF /* Extensions */,
			);
			path = Common;
			sourceTree = "<group>";
		};
		9DD69B162D80945000A715DF /* Extensions */ = {
			isa = PBXGroup;
			children = (
				19E738D12D04944D00E30945 /* Extension UIColor.swift */,
			);
			path = Extensions;
			sourceTree = "<group>";
		};
/* End PBXGroup section */

/* Begin PBXNativeTarget section */
		19E738892D048E7700E30945 /* Pillow Talk App */ = {
			isa = PBXNativeTarget;
			buildConfigurationList = 19E738B32D048E7800E30945 /* Build configuration list for PBXNativeTarget "Pillow Talk App" */;
			buildPhases = (
				19E738862D048E7700E30945 /* Sources */,
				19E738872D048E7700E30945 /* Frameworks */,
				19E738882D048E7700E30945 /* Resources */,
			);
			buildRules = (
			);
			dependencies = (
			);
			name = "Pillow Talk App";
			packageProductDependencies = (
				9D0ADDE92D831B5D0030FDBA /* FirebaseAnalytics */,
				9D0ADDEB2D831B5D0030FDBA /* FirebaseCore */,
				9D0ADDED2D831B5D0030FDBA /* FirebaseCrashlytics */,
				9D0ADDEF2D831B5D0030FDBA /* FirebaseDatabase */,
				9D0ADDF12D831B5D0030FDBA /* FirebaseFirestore */,
				9D0ADDF32D831B5D0030FDBA /* FirebaseInAppMessaging-Beta */,
				9D0ADDF52D831B5D0030FDBA /* FirebaseMessaging */,
				9D0ADDF72D831B5D0030FDBA /* FirebaseStorage */,
				9D38F3112D86E086007B6790 /* RevenueCat */,
				9D38F3132D86E086007B6790 /* RevenueCatUI */,
			);
			productName = "Pillow Talk App";
			productReference = 19E7388A2D048E7700E30945 /* Pillow Talk App.app */;
			productType = "com.apple.product-type.application";
		};
/* End PBXNativeTarget section */

/* Begin PBXProject section */
		19E738822D048E7700E30945 /* Project object */ = {
			isa = PBXProject;
			attributes = {
				BuildIndependentTargetsInParallel = 1;
				LastSwiftUpdateCheck = 1600;
				LastUpgradeCheck = 1600;
				TargetAttributes = {
					19E738892D048E7700E30945 = {
						CreatedOnToolsVersion = 16.0;
					};
				};
			};
			buildConfigurationList = 19E738852D048E7700E30945 /* Build configuration list for PBXProject "Pillow Talk App" */;
			developmentRegion = en;
			hasScannedForEncodings = 0;
			knownRegions = (
				en,
				Base,
				uk,
				es,
				pl,
			);
			mainGroup = 19E738812D048E7700E30945;
			minimizedProjectReferenceProxies = 1;
			packageReferences = (
				9D0ADDE82D831B5D0030FDBA /* XCRemoteSwiftPackageReference "firebase-ios-sdk" */,
				9D38F3102D86E086007B6790 /* XCRemoteSwiftPackageReference "purchases-ios-spm" */,
			);
			preferredProjectObjectVersion = 77;
			productRefGroup = 19E7388B2D048E7700E30945 /* Products */;
			projectDirPath = "";
			projectRoot = "";
			targets = (
				19E738892D048E7700E30945 /* Pillow Talk App */,
			);
		};
/* End PBXProject section */

/* Begin PBXResourcesBuildPhase section */
		19E738882D048E7700E30945 /* Resources */ = {
			isa = PBXResourcesBuildPhase;
			buildActionMask = 2147483647;
			files = (
				9D4A143B2D91DA9B0007C292 /* StoreKitConfig.storekit in Resources */,
				19E738C92D04937000E30945 /* Assets.xcassets in Resources */,
				19A6AFE32DAC2A2C00B9723E /* Localizable.xcstrings in Resources */,
				19E738D82D04DDFE00E30945 /* RussoOne-Regular.ttf in Resources */,
				19A7F2362D234404005ED9C4 /* GoogleService-Info.plist in Resources */,
				19E738CB2D04937000E30945 /* LaunchScreen.storyboard in Resources */,
				19C4FCDE2D07A606007A5E25 /* Commissioner-Regular.ttf in Resources */,
				191056372D5E866D00B7AA59 /* Commissioner-SemiBold.ttf in Resources */,
			);
			runOnlyForDeploymentPostprocessing = 0;
		};
/* End PBXResourcesBuildPhase section */

/* Begin PBXSourcesBuildPhase section */
		19E738862D048E7700E30945 /* Sources */ = {
			isa = PBXSourcesBuildPhase;
			buildActionMask = 2147483647;
			files = (
				9D38F31B2D8A0E8F007B6790 /* IAPManager.swift in Sources */,
				19E738C62D04937000E30945 /* AppDelegate.swift in Sources */,
				9D38F3182D8A0E8A007B6790 /* UserDefaultsService.swift in Sources */,
				9D38F3192D8A0E8A007B6790 /* UserDefaultWrapper.swift in Sources */,
				194A88382D8A0C6000247D27 /* ProfileTableViewCell.swift in Sources */,
				19E738D22D04944D00E30945 /* Extension UIColor.swift in Sources */,
				9D0E492B2D82025D000D3F17 /* QuestionCollectionViewCell.swift in Sources */,
				19E738CE2D04938B00E30945 /* FirstScreenViewController.swift in Sources */,
				19E738D42D04950200E30945 /* FirstScreenView.swift in Sources */,
				9DA31AAC2D7F332600A8CDCA /* CategoriesPresenter.swift in Sources */,
				9DA31AB32D7F683600A8CDCA /* CategoryModel.swift in Sources */,
				1948DAF52D1C747F0082F8DC /* SplashScreenViewController.swift in Sources */,
				9DA31AB72D7F949800A8CDCA /* StorageService.swift in Sources */,
				9D2E054F2D7A44A200C1F9E7 /* TabBarViewController.swift in Sources */,
				19E738C72D04937000E30945 /* SceneDelegate.swift in Sources */,
				9DD69B122D808FC800A715DF /* CardViewModel.swift in Sources */,
				9DA31AA82D7F32AB00A8CDCA /* CategoriesViewModel.swift in Sources */,
				9DA31AAA2D7F32D000A8CDCA /* CategoriesAssembler.swift in Sources */,
				9DA31AB02D7F5C6C00A8CDCA /* CategoryCollectionViewCell.swift in Sources */,
				1948DAF72D1C753B0082F8DC /* SplashScreenView.swift in Sources */,
				9D2E05512D7A487D00C1F9E7 /* TabView.swift in Sources */,
				9DCC3BD92DA976C700DDDD85 /* EasterEggService.swift in Sources */,
				9DA31AA62D7F327300A8CDCA /* CategoriesViewController.swift in Sources */,
				194A88362D8A097900247D27 /* ProfileTableViewController.swift in Sources */,
				1976242A2D20C3AF00CAC3D7 /* FirebaseServise.swift in Sources */,
			);
			runOnlyForDeploymentPostprocessing = 0;
		};
/* End PBXSourcesBuildPhase section */

/* Begin PBXVariantGroup section */
		19E738C22D04937000E30945 /* LaunchScreen.storyboard */ = {
			isa = PBXVariantGroup;
			children = (
				19E738C12D04937000E30945 /* Base */,
			);
			name = LaunchScreen.storyboard;
			sourceTree = "<group>";
		};
/* End PBXVariantGroup section */

/* Begin XCBuildConfiguration section */
		19E738B42D048E7800E30945 /* Debug */ = {
			isa = XCBuildConfiguration;
			buildSettings = {
				ASSETCATALOG_COMPILER_APPICON_NAME = AppIcon;
				ASSETCATALOG_COMPILER_GLOBAL_ACCENT_COLOR_NAME = AccentColor;
				CODE_SIGN_ENTITLEMENTS = "Pillow Talk App/Pillow Talk App.entitlements";
				CODE_SIGN_STYLE = Automatic;
				CURRENT_PROJECT_VERSION = 5;
				DEVELOPMENT_TEAM = U6BKV755T9;
				GENERATE_INFOPLIST_FILE = YES;
				INFOPLIST_FILE = "Pillow Talk App/Info.plist";
				INFOPLIST_KEY_CFBundleDisplayName = PillowTalk;
				INFOPLIST_KEY_UIApplicationSupportsIndirectInputEvents = YES;
				INFOPLIST_KEY_UILaunchStoryboardName = LaunchScreen;
				INFOPLIST_KEY_UISupportedInterfaceOrientations = UIInterfaceOrientationPortrait;
				INFOPLIST_KEY_UISupportedInterfaceOrientations_iPad = "UIInterfaceOrientationLandscapeLeft UIInterfaceOrientationLandscapeRight UIInterfaceOrientationPortrait UIInterfaceOrientationPortraitUpsideDown";
				LD_RUNPATH_SEARCH_PATHS = (
					"$(inherited)",
					"@executable_path/Frameworks",
				);
				MARKETING_VERSION = 2.2.2;
				PRODUCT_BUNDLE_IDENTIFIER = com.nikkrasun.pillowtalk;
				PRODUCT_NAME = "$(TARGET_NAME)";
				SUPPORTED_PLATFORMS = "iphoneos iphonesimulator";
				SUPPORTS_MACCATALYST = NO;
				SUPPORTS_MAC_DESIGNED_FOR_IPHONE_IPAD = NO;
				SUPPORTS_XR_DESIGNED_FOR_IPHONE_IPAD = NO;
				SWIFT_EMIT_LOC_STRINGS = YES;
				SWIFT_VERSION = 5.0;
				TARGETED_DEVICE_FAMILY = 1;
			};
			name = Debug;
		};
		19E738B52D048E7800E30945 /* Release */ = {
			isa = XCBuildConfiguration;
			buildSettings = {
				ASSETCATALOG_COMPILER_APPICON_NAME = AppIcon;
				ASSETCATALOG_COMPILER_GLOBAL_ACCENT_COLOR_NAME = AccentColor;
				CODE_SIGN_ENTITLEMENTS = "Pillow Talk App/Pillow Talk App.entitlements";
				CODE_SIGN_STYLE = Automatic;
				CURRENT_PROJECT_VERSION = 5;
				DEVELOPMENT_TEAM = U6BKV755T9;
				GENERATE_INFOPLIST_FILE = YES;
				INFOPLIST_FILE = "Pillow Talk App/Info.plist";
				INFOPLIST_KEY_CFBundleDisplayName = PillowTalk;
				INFOPLIST_KEY_UIApplicationSupportsIndirectInputEvents = YES;
				INFOPLIST_KEY_UILaunchStoryboardName = LaunchScreen;
				INFOPLIST_KEY_UISupportedInterfaceOrientations = UIInterfaceOrientationPortrait;
				INFOPLIST_KEY_UISupportedInterfaceOrientations_iPad = "UIInterfaceOrientationLandscapeLeft UIInterfaceOrientationLandscapeRight UIInterfaceOrientationPortrait UIInterfaceOrientationPortraitUpsideDown";
				LD_RUNPATH_SEARCH_PATHS = (
					"$(inherited)",
					"@executable_path/Frameworks",
				);
				MARKETING_VERSION = 2.2.2;
				PRODUCT_BUNDLE_IDENTIFIER = com.nikkrasun.pillowtalk;
				PRODUCT_NAME = "$(TARGET_NAME)";
				SUPPORTED_PLATFORMS = "iphoneos iphonesimulator";
				SUPPORTS_MACCATALYST = NO;
				SUPPORTS_MAC_DESIGNED_FOR_IPHONE_IPAD = NO;
				SUPPORTS_XR_DESIGNED_FOR_IPHONE_IPAD = NO;
				SWIFT_EMIT_LOC_STRINGS = YES;
				SWIFT_VERSION = 5.0;
				TARGETED_DEVICE_FAMILY = 1;
			};
			name = Release;
		};
		19E738B62D048E7800E30945 /* Debug */ = {
			isa = XCBuildConfiguration;
			buildSettings = {
				ALWAYS_SEARCH_USER_PATHS = NO;
				ASSETCATALOG_COMPILER_GENERATE_SWIFT_ASSET_SYMBOL_EXTENSIONS = YES;
				CLANG_ANALYZER_NONNULL = YES;
				CLANG_ANALYZER_NUMBER_OBJECT_CONVERSION = YES_AGGRESSIVE;
				CLANG_CXX_LANGUAGE_STANDARD = "gnu++20";
				CLANG_ENABLE_MODULES = YES;
				CLANG_ENABLE_OBJC_ARC = YES;
				CLANG_ENABLE_OBJC_WEAK = YES;
				CLANG_WARN_BLOCK_CAPTURE_AUTORELEASING = YES;
				CLANG_WARN_BOOL_CONVERSION = YES;
				CLANG_WARN_COMMA = YES;
				CLANG_WARN_CONSTANT_CONVERSION = YES;
				CLANG_WARN_DEPRECATED_OBJC_IMPLEMENTATIONS = YES;
				CLANG_WARN_DIRECT_OBJC_ISA_USAGE = YES_ERROR;
				CLANG_WARN_DOCUMENTATION_COMMENTS = YES;
				CLANG_WARN_EMPTY_BODY = YES;
				CLANG_WARN_ENUM_CONVERSION = YES;
				CLANG_WARN_INFINITE_RECURSION = YES;
				CLANG_WARN_INT_CONVERSION = YES;
				CLANG_WARN_NON_LITERAL_NULL_CONVERSION = YES;
				CLANG_WARN_OBJC_IMPLICIT_RETAIN_SELF = YES;
				CLANG_WARN_OBJC_LITERAL_CONVERSION = YES;
				CLANG_WARN_OBJC_ROOT_CLASS = YES_ERROR;
				CLANG_WARN_QUOTED_INCLUDE_IN_FRAMEWORK_HEADER = YES;
				CLANG_WARN_RANGE_LOOP_ANALYSIS = YES;
				CLANG_WARN_STRICT_PROTOTYPES = YES;
				CLANG_WARN_SUSPICIOUS_MOVE = YES;
				CLANG_WARN_UNGUARDED_AVAILABILITY = YES_AGGRESSIVE;
				CLANG_WARN_UNREACHABLE_CODE = YES;
				CLANG_WARN__DUPLICATE_METHOD_MATCH = YES;
				COPY_PHASE_STRIP = NO;
				DEBUG_INFORMATION_FORMAT = dwarf;
				ENABLE_STRICT_OBJC_MSGSEND = YES;
				ENABLE_TESTABILITY = YES;
				ENABLE_USER_SCRIPT_SANDBOXING = YES;
				GCC_C_LANGUAGE_STANDARD = gnu17;
				GCC_DYNAMIC_NO_PIC = NO;
				GCC_NO_COMMON_BLOCKS = YES;
				GCC_OPTIMIZATION_LEVEL = 0;
				GCC_PREPROCESSOR_DEFINITIONS = (
					"DEBUG=1",
					"$(inherited)",
				);
				GCC_WARN_64_TO_32_BIT_CONVERSION = YES;
				GCC_WARN_ABOUT_RETURN_TYPE = YES_ERROR;
				GCC_WARN_UNDECLARED_SELECTOR = YES;
				GCC_WARN_UNINITIALIZED_AUTOS = YES_AGGRESSIVE;
				GCC_WARN_UNUSED_FUNCTION = YES;
				GCC_WARN_UNUSED_VARIABLE = YES;
				IPHONEOS_DEPLOYMENT_TARGET = 18.0;
				LOCALIZATION_PREFERS_STRING_CATALOGS = YES;
				MTL_ENABLE_DEBUG_INFO = INCLUDE_SOURCE;
				MTL_FAST_MATH = YES;
				ONLY_ACTIVE_ARCH = YES;
				SDKROOT = iphoneos;
				SWIFT_ACTIVE_COMPILATION_CONDITIONS = "DEBUG $(inherited)";
				SWIFT_EMIT_LOC_STRINGS = YES;
				SWIFT_OPTIMIZATION_LEVEL = "-Onone";
			};
			name = Debug;
		};
		19E738B72D048E7800E30945 /* Release */ = {
			isa = XCBuildConfiguration;
			buildSettings = {
				ALWAYS_SEARCH_USER_PATHS = NO;
				ASSETCATALOG_COMPILER_GENERATE_SWIFT_ASSET_SYMBOL_EXTENSIONS = YES;
				CLANG_ANALYZER_NONNULL = YES;
				CLANG_ANALYZER_NUMBER_OBJECT_CONVERSION = YES_AGGRESSIVE;
				CLANG_CXX_LANGUAGE_STANDARD = "gnu++20";
				CLANG_ENABLE_MODULES = YES;
				CLANG_ENABLE_OBJC_ARC = YES;
				CLANG_ENABLE_OBJC_WEAK = YES;
				CLANG_WARN_BLOCK_CAPTURE_AUTORELEASING = YES;
				CLANG_WARN_BOOL_CONVERSION = YES;
				CLANG_WARN_COMMA = YES;
				CLANG_WARN_CONSTANT_CONVERSION = YES;
				CLANG_WARN_DEPRECATED_OBJC_IMPLEMENTATIONS = YES;
				CLANG_WARN_DIRECT_OBJC_ISA_USAGE = YES_ERROR;
				CLANG_WARN_DOCUMENTATION_COMMENTS = YES;
				CLANG_WARN_EMPTY_BODY = YES;
				CLANG_WARN_ENUM_CONVERSION = YES;
				CLANG_WARN_INFINITE_RECURSION = YES;
				CLANG_WARN_INT_CONVERSION = YES;
				CLANG_WARN_NON_LITERAL_NULL_CONVERSION = YES;
				CLANG_WARN_OBJC_IMPLICIT_RETAIN_SELF = YES;
				CLANG_WARN_OBJC_LITERAL_CONVERSION = YES;
				CLANG_WARN_OBJC_ROOT_CLASS = YES_ERROR;
				CLANG_WARN_QUOTED_INCLUDE_IN_FRAMEWORK_HEADER = YES;
				CLANG_WARN_RANGE_LOOP_ANALYSIS = YES;
				CLANG_WARN_STRICT_PROTOTYPES = YES;
				CLANG_WARN_SUSPICIOUS_MOVE = YES;
				CLANG_WARN_UNGUARDED_AVAILABILITY = YES_AGGRESSIVE;
				CLANG_WARN_UNREACHABLE_CODE = YES;
				CLANG_WARN__DUPLICATE_METHOD_MATCH = YES;
				COPY_PHASE_STRIP = NO;
				DEBUG_INFORMATION_FORMAT = "dwarf-with-dsym";
				ENABLE_NS_ASSERTIONS = NO;
				ENABLE_STRICT_OBJC_MSGSEND = YES;
				ENABLE_USER_SCRIPT_SANDBOXING = YES;
				GCC_C_LANGUAGE_STANDARD = gnu17;
				GCC_NO_COMMON_BLOCKS = YES;
				GCC_WARN_64_TO_32_BIT_CONVERSION = YES;
				GCC_WARN_ABOUT_RETURN_TYPE = YES_ERROR;
				GCC_WARN_UNDECLARED_SELECTOR = YES;
				GCC_WARN_UNINITIALIZED_AUTOS = YES_AGGRESSIVE;
				GCC_WARN_UNUSED_FUNCTION = YES;
				GCC_WARN_UNUSED_VARIABLE = YES;
				IPHONEOS_DEPLOYMENT_TARGET = 18.0;
				LOCALIZATION_PREFERS_STRING_CATALOGS = YES;
				MTL_ENABLE_DEBUG_INFO = NO;
				MTL_FAST_MATH = YES;
				SDKROOT = iphoneos;
				SWIFT_COMPILATION_MODE = wholemodule;
				SWIFT_EMIT_LOC_STRINGS = YES;
				VALIDATE_PRODUCT = YES;
			};
			name = Release;
		};
/* End XCBuildConfiguration section */

/* Begin XCConfigurationList section */
		19E738852D048E7700E30945 /* Build configuration list for PBXProject "Pillow Talk App" */ = {
			isa = XCConfigurationList;
			buildConfigurations = (
				19E738B62D048E7800E30945 /* Debug */,
				19E738B72D048E7800E30945 /* Release */,
			);
			defaultConfigurationIsVisible = 0;
			defaultConfigurationName = Release;
		};
		19E738B32D048E7800E30945 /* Build configuration list for PBXNativeTarget "Pillow Talk App" */ = {
			isa = XCConfigurationList;
			buildConfigurations = (
				19E738B42D048E7800E30945 /* Debug */,
				19E738B52D048E7800E30945 /* Release */,
			);
			defaultConfigurationIsVisible = 0;
			defaultConfigurationName = Release;
		};
/* End XCConfigurationList section */

/* Begin XCRemoteSwiftPackageReference section */
		9D0ADDE82D831B5D0030FDBA /* XCRemoteSwiftPackageReference "firebase-ios-sdk" */ = {
			isa = XCRemoteSwiftPackageReference;
			repositoryURL = "https://github.com/firebase/firebase-ios-sdk.git";
			requirement = {
				kind = upToNextMajorVersion;
				minimumVersion = 11.9.0;
			};
		};
		9D38F3102D86E086007B6790 /* XCRemoteSwiftPackageReference "purchases-ios-spm" */ = {
			isa = XCRemoteSwiftPackageReference;
			repositoryURL = "https://github.com/RevenueCat/purchases-ios-spm.git";
			requirement = {
				kind = upToNextMajorVersion;
				minimumVersion = 5.19.0;
			};
		};
/* End XCRemoteSwiftPackageReference section */

/* Begin XCSwiftPackageProductDependency section */
		9D0ADDE92D831B5D0030FDBA /* FirebaseAnalytics */ = {
			isa = XCSwiftPackageProductDependency;
			package = 9D0ADDE82D831B5D0030FDBA /* XCRemoteSwiftPackageReference "firebase-ios-sdk" */;
			productName = FirebaseAnalytics;
		};
		9D0ADDEB2D831B5D0030FDBA /* FirebaseCore */ = {
			isa = XCSwiftPackageProductDependency;
			package = 9D0ADDE82D831B5D0030FDBA /* XCRemoteSwiftPackageReference "firebase-ios-sdk" */;
			productName = FirebaseCore;
		};
		9D0ADDED2D831B5D0030FDBA /* FirebaseCrashlytics */ = {
			isa = XCSwiftPackageProductDependency;
			package = 9D0ADDE82D831B5D0030FDBA /* XCRemoteSwiftPackageReference "firebase-ios-sdk" */;
			productName = FirebaseCrashlytics;
		};
		9D0ADDEF2D831B5D0030FDBA /* FirebaseDatabase */ = {
			isa = XCSwiftPackageProductDependency;
			package = 9D0ADDE82D831B5D0030FDBA /* XCRemoteSwiftPackageReference "firebase-ios-sdk" */;
			productName = FirebaseDatabase;
		};
		9D0ADDF12D831B5D0030FDBA /* FirebaseFirestore */ = {
			isa = XCSwiftPackageProductDependency;
			package = 9D0ADDE82D831B5D0030FDBA /* XCRemoteSwiftPackageReference "firebase-ios-sdk" */;
			productName = FirebaseFirestore;
		};
		9D0ADDF32D831B5D0030FDBA /* FirebaseInAppMessaging-Beta */ = {
			isa = XCSwiftPackageProductDependency;
			package = 9D0ADDE82D831B5D0030FDBA /* XCRemoteSwiftPackageReference "firebase-ios-sdk" */;
			productName = "FirebaseInAppMessaging-Beta";
		};
		9D0ADDF52D831B5D0030FDBA /* FirebaseMessaging */ = {
			isa = XCSwiftPackageProductDependency;
			package = 9D0ADDE82D831B5D0030FDBA /* XCRemoteSwiftPackageReference "firebase-ios-sdk" */;
			productName = FirebaseMessaging;
		};
		9D0ADDF72D831B5D0030FDBA /* FirebaseStorage */ = {
			isa = XCSwiftPackageProductDependency;
			package = 9D0ADDE82D831B5D0030FDBA /* XCRemoteSwiftPackageReference "firebase-ios-sdk" */;
			productName = FirebaseStorage;
		};
		9D38F3112D86E086007B6790 /* RevenueCat */ = {
			isa = XCSwiftPackageProductDependency;
			package = 9D38F3102D86E086007B6790 /* XCRemoteSwiftPackageReference "purchases-ios-spm" */;
			productName = RevenueCat;
		};
		9D38F3132D86E086007B6790 /* RevenueCatUI */ = {
			isa = XCSwiftPackageProductDependency;
			package = 9D38F3102D86E086007B6790 /* XCRemoteSwiftPackageReference "purchases-ios-spm" */;
			productName = RevenueCatUI;
		};
/* End XCSwiftPackageProductDependency section */
	};
	rootObject = 19E738822D048E7700E30945 /* Project object */;
}
